// !$*UTF8*$!
{
	archiveVersion = 1;
	classes = {
	};
	objectVersion = 55;
	objects = {

/* Begin PBXBuildFile section */
		0623BB78198098E8F501F7EC /* Foundation.framework in Frameworks */ = {isa = PBXBuildFile; fileRef = 8C0BB27A29CF01E7D8505F68 /* Foundation.framework */; };
		08A5BF5F096C105E1840DF75 /* main.mm in Sources */ = {isa = PBXBuildFile; fileRef = 860EA3021871D5EFA8973E43 /* main.mm */; };
		11698F6223B57532967D15D8 /* CoreMotion.framework in Frameworks */ = {isa = PBXBuildFile; fileRef = CCA907263CE50472C5B01621 /* CoreMotion.framework */; };
		262E91172BFE1B73E84ED8CF /* ImageIO.framework in Frameworks */ = {isa = PBXBuildFile; fileRef = 734E2EE38261FF0A27047E8A /* ImageIO.framework */; };
		2DB277CACE691002A5CCEEBC /* CoreGraphics.framework in Frameworks */ = {isa = PBXBuildFile; fileRef = 1AD7E9F25D20DB5CC1E44064 /* CoreGraphics.framework */; };
		398C8AD126EC627E0FD42224 /* OpenGLES.framework in Frameworks */ = {isa = PBXBuildFile; fileRef = 851E1CA096A86D7DF7A3B5B0 /* OpenGLES.framework */; };
		40E5E10717AA0A9478350EF4 /* AVFAudio.framework in Frameworks */ = {isa = PBXBuildFile; fileRef = E928C82D9FDC7BA7A70F146D /* AVFAudio.framework */; };
		4D2A8716658A08C32F89B1CA /* Metal.framework in Frameworks */ = {isa = PBXBuildFile; fileRef = 4A90B962A4B0A6669D49671B /* Metal.framework */; };
		5A1AD4A0B76606957793191F /* CoreFoundation.framework in Frameworks */ = {isa = PBXBuildFile; fileRef = FB8C7C5BAE8195A0C9CE3758 /* CoreFoundation.framework */; };
		6436C5DE4EB8630DCE918762 /* CoreServices.framework in Frameworks */ = {isa = PBXBuildFile; fileRef = 81213B2D71ACDB73DF9ACC2F /* CoreServices.framework */; };
		67D0B83A8B0521F2ACA8364E /* QuartzCore.framework in Frameworks */ = {isa = PBXBuildFile; fileRef = B5889ECBE76BCA339D694517 /* QuartzCore.framework */; };
		7590F7613209DA5E6C0B4EE9 /* CoreHaptics.framework in Frameworks */ = {isa = PBXBuildFile; fileRef = 64AB57F360A891DAB6973DDB /* CoreHaptics.framework */; };
		83C8FFA8F5877806E2D53848 /* UIKit.framework in Frameworks */ = {isa = PBXBuildFile; fileRef = 9DEC0120ADBC1629E1E1FED2 /* UIKit.framework */; };
		86BF8A7E4A5737C8F2F1CC67 /* GameController.framework in Frameworks */ = {isa = PBXBuildFile; fileRef = D18335408A6F0AB77C88DB7D /* GameController.framework */; };
		91E2FC1AFF7261AA2C1E6E42 /* AudioToolbox.framework in Frameworks */ = {isa = PBXBuildFile; fileRef = 197C506F2156B03293479EB5 /* AudioToolbox.framework */; };
		96A6F8FEAE2D9DD094C9B0AE /* ViewController.m in Sources */ = {isa = PBXBuildFile; fileRef = A5EF95B504D8D8C4F33F2DC9 /* ViewController.m */; };
		FEC28E2B2DE07EC10E6198F5 /* Main.storyboard in Sources */ = {isa = PBXBuildFile; fileRef = 6ABCBFF69222B1BA304D88CB /* Main.storyboard */; };
/* End PBXBuildFile section */

/* Begin PBXFileReference section */
		0D68A3ECF6D733C0FBCB1BFA /* ViewController.h */ = {isa = PBXFileReference; lastKnownFileType = sourcecode.c.h; path = ViewController.h; sourceTree = "<group>"; };
		197C506F2156B03293479EB5 /* AudioToolbox.framework */ = {isa = PBXFileReference; lastKnownFileType = wrapper.framework; name = AudioToolbox.framework; path = System/Library/Frameworks/AudioToolbox.framework; sourceTree = SDKROOT; };
		1AD7E9F25D20DB5CC1E44064 /* CoreGraphics.framework */ = {isa = PBXFileReference; lastKnownFileType = wrapper.framework; name = CoreGraphics.framework; path = System/Library/Frameworks/CoreGraphics.framework; sourceTree = SDKROOT; };
		4A90B962A4B0A6669D49671B /* Metal.framework */ = {isa = PBXFileReference; lastKnownFileType = wrapper.framework; name = Metal.framework; path = System/Library/Frameworks/Metal.framework; sourceTree = SDKROOT; };
		51570F093954B65F706F7C19 /* Info.plist */ = {isa = PBXFileReference; lastKnownFileType = text.plist.xml; path = Info.plist; sourceTree = "<group>"; };
		64AB57F360A891DAB6973DDB /* CoreHaptics.framework */ = {isa = PBXFileReference; lastKnownFileType = wrapper.framework; name = CoreHaptics.framework; path = System/Library/Frameworks/CoreHaptics.framework; sourceTree = SDKROOT; };
		6ABCBFF69222B1BA304D88CB /* Main.storyboard */ = {isa = PBXFileReference; lastKnownFileType = file.storyboard; path = Main.storyboard; sourceTree = "<group>"; };
		734E2EE38261FF0A27047E8A /* ImageIO.framework */ = {isa = PBXFileReference; lastKnownFileType = wrapper.framework; name = ImageIO.framework; path = System/Library/Frameworks/ImageIO.framework; sourceTree = SDKROOT; };
		81213B2D71ACDB73DF9ACC2F /* CoreServices.framework */ = {isa = PBXFileReference; lastKnownFileType = wrapper.framework; name = CoreServices.framework; path = System/Library/Frameworks/CoreServices.framework; sourceTree = SDKROOT; };
		851E1CA096A86D7DF7A3B5B0 /* OpenGLES.framework */ = {isa = PBXFileReference; lastKnownFileType = wrapper.framework; name = OpenGLES.framework; path = System/Library/Frameworks/OpenGLES.framework; sourceTree = SDKROOT; };
		860EA3021871D5EFA8973E43 /* main.mm */ = {isa = PBXFileReference; lastKnownFileType = sourcecode.c.objcpp; path = main.mm; sourceTree = "<group>"; };
		8C0BB27A29CF01E7D8505F68 /* Foundation.framework */ = {isa = PBXFileReference; lastKnownFileType = wrapper.framework; name = Foundation.framework; path = System/Library/Frameworks/Foundation.framework; sourceTree = SDKROOT; };
		9DEC0120ADBC1629E1E1FED2 /* UIKit.framework */ = {isa = PBXFileReference; lastKnownFileType = wrapper.framework; name = UIKit.framework; path = System/Library/Frameworks/UIKit.framework; sourceTree = SDKROOT; };
		A5EF95B504D8D8C4F33F2DC9 /* ViewController.m */ = {isa = PBXFileReference; lastKnownFileType = sourcecode.c.objc; path = ViewController.m; sourceTree = "<group>"; };
		B5889ECBE76BCA339D694517 /* QuartzCore.framework */ = {isa = PBXFileReference; lastKnownFileType = wrapper.framework; name = QuartzCore.framework; path = System/Library/Frameworks/QuartzCore.framework; sourceTree = SDKROOT; };
		CCA907263CE50472C5B01621 /* CoreMotion.framework */ = {isa = PBXFileReference; lastKnownFileType = wrapper.framework; name = CoreMotion.framework; path = System/Library/Frameworks/CoreMotion.framework; sourceTree = SDKROOT; };
		D18335408A6F0AB77C88DB7D /* GameController.framework */ = {isa = PBXFileReference; lastKnownFileType = wrapper.framework; name = GameController.framework; path = System/Library/Frameworks/GameController.framework; sourceTree = SDKROOT; };
		D3D98F31198B46F39344D7D1 /* onscripter.app */ = {isa = PBXFileReference; explicitFileType = wrapper.application; includeInIndex = 0; path = onscripter.app; sourceTree = BUILT_PRODUCTS_DIR; };
		E928C82D9FDC7BA7A70F146D /* AVFAudio.framework */ = {isa = PBXFileReference; lastKnownFileType = wrapper.framework; name = AVFAudio.framework; path = System/Library/Frameworks/AVFAudio.framework; sourceTree = SDKROOT; };
		E9C2B90A5DCA5D29F2BEC039 /* Assets.xcassets */ = {isa = PBXFileReference; lastKnownFileType = folder.assetcatalog; path = Assets.xcassets; sourceTree = "<group>"; };
		FB8C7C5BAE8195A0C9CE3758 /* CoreFoundation.framework */ = {isa = PBXFileReference; lastKnownFileType = wrapper.framework; name = CoreFoundation.framework; path = System/Library/Frameworks/CoreFoundation.framework; sourceTree = SDKROOT; };
/* End PBXFileReference section */

/* Begin PBXFrameworksBuildPhase section */
		DA316CF52951972500A927C7 /* Frameworks */ = {
			isa = PBXFrameworksBuildPhase;
			buildActionMask = 2147483647;
			files = (
				0623BB78198098E8F501F7EC /* Foundation.framework in Frameworks */,
				5A1AD4A0B76606957793191F /* CoreFoundation.framework in Frameworks */,
				262E91172BFE1B73E84ED8CF /* ImageIO.framework in Frameworks */,
				6436C5DE4EB8630DCE918762 /* CoreServices.framework in Frameworks */,
				40E5E10717AA0A9478350EF4 /* AVFAudio.framework in Frameworks */,
				91E2FC1AFF7261AA2C1E6E42 /* AudioToolbox.framework in Frameworks */,
				83C8FFA8F5877806E2D53848 /* UIKit.framework in Frameworks */,
				4D2A8716658A08C32F89B1CA /* Metal.framework in Frameworks */,
				2DB277CACE691002A5CCEEBC /* CoreGraphics.framework in Frameworks */,
				67D0B83A8B0521F2ACA8364E /* QuartzCore.framework in Frameworks */,
				398C8AD126EC627E0FD42224 /* OpenGLES.framework in Frameworks */,
				7590F7613209DA5E6C0B4EE9 /* CoreHaptics.framework in Frameworks */,
				86BF8A7E4A5737C8F2F1CC67 /* GameController.framework in Frameworks */,
				11698F6223B57532967D15D8 /* CoreMotion.framework in Frameworks */,
			);
			runOnlyForDeploymentPostprocessing = 0;
		};
/* End PBXFrameworksBuildPhase section */

/* Begin PBXGroup section */
		DA316CEF2951972500A927C7 = {
			isa = PBXGroup;
			children = (
				DA316CFA2951972500A927C7 /* onscripter */,
				DA316CF92951972500A927C7 /* Products */,
				DAE79C782AEB9573000CEBA9 /* Frameworks */,
			);
			sourceTree = "<group>";
		};
		DA316CF92951972500A927C7 /* Products */ = {
			isa = PBXGroup;
			children = (
				D3D98F31198B46F39344D7D1 /* onscripter.app */,
			);
			name = Products;
			sourceTree = "<group>";
		};
		DA316CFA2951972500A927C7 /* onscripter */ = {
			isa = PBXGroup;
			children = (
				0D68A3ECF6D733C0FBCB1BFA /* ViewController.h */,
				A5EF95B504D8D8C4F33F2DC9 /* ViewController.m */,
				E9C2B90A5DCA5D29F2BEC039 /* Assets.xcassets */,
				51570F093954B65F706F7C19 /* Info.plist */,
				860EA3021871D5EFA8973E43 /* main.mm */,
				6ABCBFF69222B1BA304D88CB /* Main.storyboard */,
			);
			path = onscripter;
			sourceTree = "<group>";
		};
		DAE79C782AEB9573000CEBA9 /* Frameworks */ = {
			isa = PBXGroup;
			children = (
				8C0BB27A29CF01E7D8505F68 /* Foundation.framework */,
				FB8C7C5BAE8195A0C9CE3758 /* CoreFoundation.framework */,
				734E2EE38261FF0A27047E8A /* ImageIO.framework */,
				81213B2D71ACDB73DF9ACC2F /* CoreServices.framework */,
				E928C82D9FDC7BA7A70F146D /* AVFAudio.framework */,
				197C506F2156B03293479EB5 /* AudioToolbox.framework */,
				9DEC0120ADBC1629E1E1FED2 /* UIKit.framework */,
				4A90B962A4B0A6669D49671B /* Metal.framework */,
				1AD7E9F25D20DB5CC1E44064 /* CoreGraphics.framework */,
				B5889ECBE76BCA339D694517 /* QuartzCore.framework */,
				851E1CA096A86D7DF7A3B5B0 /* OpenGLES.framework */,
				64AB57F360A891DAB6973DDB /* CoreHaptics.framework */,
				D18335408A6F0AB77C88DB7D /* GameController.framework */,
				CCA907263CE50472C5B01621 /* CoreMotion.framework */,
			);
			name = Frameworks;
			sourceTree = "<group>";
		};
/* End PBXGroup section */

/* Begin PBXNativeTarget section */
		DA316CF72951972500A927C7 /* onscripter */ = {
			isa = PBXNativeTarget;
			buildConfigurationList = DA316D112951972700A927C7 /* Build configuration list for PBXNativeTarget "onscripter" */;
			buildPhases = (
				DA316CF42951972500A927C7 /* Sources */,
				DA316CF52951972500A927C7 /* Frameworks */,
			);
			buildRules = (
			);
			dependencies = (
			);
			name = onscripter;
			productName = onscripter;
			productReference = D3D98F31198B46F39344D7D1 /* onscripter.app */;
			productType = "com.apple.product-type.application";
		};
/* End PBXNativeTarget section */

/* Begin PBXProject section */
		DA316CF02951972500A927C7 /* Project object */ = {
			isa = PBXProject;
			attributes = {
				BuildIndependentTargetsInParallel = 1;
				LastUpgradeCheck = 1340;
				TargetAttributes = {
					DA316CF72951972500A927C7 = {
						CreatedOnToolsVersion = 13.4.1;
					};
				};
			};
			buildConfigurationList = DA316CF32951972500A927C7 /* Build configuration list for PBXProject "onscripter" */;
			compatibilityVersion = "Xcode 13.0";
			developmentRegion = en;
			hasScannedForEncodings = 0;
			knownRegions = (
				en,
				Base,
			);
			mainGroup = DA316CEF2951972500A927C7;
			productRefGroup = DA316CF92951972500A927C7 /* Products */;
			projectDirPath = "";
			projectRoot = "";
			targets = (
				DA316CF72951972500A927C7 /* onscripter */,
			);
		};
/* End PBXProject section */

/* Begin PBXSourcesBuildPhase section */
		DA316CF42951972500A927C7 /* Sources */ = {
			isa = PBXSourcesBuildPhase;
			buildActionMask = 2147483647;
			files = (
				96A6F8FEAE2D9DD094C9B0AE /* ViewController.m in Sources */,
				08A5BF5F096C105E1840DF75 /* main.mm in Sources */,
				FEC28E2B2DE07EC10E6198F5 /* Main.storyboard in Sources */,
			);
			runOnlyForDeploymentPostprocessing = 0;
		};
/* End PBXSourcesBuildPhase section */

/* Begin XCBuildConfiguration section */
		DA316D0F2951972700A927C7 /* Debug */ = {
			isa = XCBuildConfiguration;
			buildSettings = {
				ALWAYS_SEARCH_USER_PATHS = NO;
				CLANG_ANALYZER_NONNULL = YES;
				CLANG_ANALYZER_NUMBER_OBJECT_CONVERSION = YES_AGGRESSIVE;
				CLANG_CXX_LANGUAGE_STANDARD = "gnu++17";
				CLANG_ENABLE_MODULES = YES;
				CLANG_ENABLE_OBJC_ARC = YES;
				CLANG_ENABLE_OBJC_WEAK = YES;
				CLANG_WARN_BLOCK_CAPTURE_AUTORELEASING = YES;
				CLANG_WARN_BOOL_CONVERSION = YES;
				CLANG_WARN_COMMA = YES;
				CLANG_WARN_CONSTANT_CONVERSION = YES;
				CLANG_WARN_DEPRECATED_OBJC_IMPLEMENTATIONS = YES;
				CLANG_WARN_DIRECT_OBJC_ISA_USAGE = YES_ERROR;
				CLANG_WARN_DOCUMENTATION_COMMENTS = YES;
				CLANG_WARN_EMPTY_BODY = YES;
				CLANG_WARN_ENUM_CONVERSION = YES;
				CLANG_WARN_INFINITE_RECURSION = YES;
				CLANG_WARN_INT_CONVERSION = YES;
				CLANG_WARN_NON_LITERAL_NULL_CONVERSION = YES;
				CLANG_WARN_OBJC_IMPLICIT_RETAIN_SELF = YES;
				CLANG_WARN_OBJC_LITERAL_CONVERSION = YES;
				CLANG_WARN_OBJC_ROOT_CLASS = YES_ERROR;
				CLANG_WARN_QUOTED_INCLUDE_IN_FRAMEWORK_HEADER = YES;
				CLANG_WARN_RANGE_LOOP_ANALYSIS = YES;
				CLANG_WARN_STRICT_PROTOTYPES = YES;
				CLANG_WARN_SUSPICIOUS_MOVE = YES;
				CLANG_WARN_UNGUARDED_AVAILABILITY = YES_AGGRESSIVE;
				CLANG_WARN_UNREACHABLE_CODE = YES;
				CLANG_WARN__DUPLICATE_METHOD_MATCH = YES;
				COPY_PHASE_STRIP = NO;
				DEBUG_INFORMATION_FORMAT = dwarf;
				ENABLE_STRICT_OBJC_MSGSEND = YES;
				ENABLE_TESTABILITY = YES;
				ENABLE_USER_SCRIPT_SANDBOXING = YES;
				GCC_C_LANGUAGE_STANDARD = gnu11;
				GCC_DYNAMIC_NO_PIC = NO;
				GCC_NO_COMMON_BLOCKS = YES;
				GCC_OPTIMIZATION_LEVEL = 0;
				GCC_PREPROCESSOR_DEFINITIONS = (
					"DEBUG=1",
					"$(inherited)",
				);
				GCC_WARN_64_TO_32_BIT_CONVERSION = YES;
				GCC_WARN_ABOUT_RETURN_TYPE = YES_ERROR;
				GCC_WARN_UNDECLARED_SELECTOR = YES;
				GCC_WARN_UNINITIALIZED_AUTOS = YES_AGGRESSIVE;
				GCC_WARN_UNUSED_FUNCTION = YES;
				GCC_WARN_UNUSED_VARIABLE = YES;
				IPHONEOS_DEPLOYMENT_TARGET = 12.0;
				MTL_ENABLE_DEBUG_INFO = INCLUDE_SOURCE;
				MTL_FAST_MATH = YES;
				ONLY_ACTIVE_ARCH = YES;
				SDKROOT = iphoneos;
			};
			name = Debug;
		};
		DA316D102951972700A927C7 /* Release */ = {
			isa = XCBuildConfiguration;
			buildSettings = {
				ALWAYS_SEARCH_USER_PATHS = NO;
				CLANG_ANALYZER_NONNULL = YES;
				CLANG_ANALYZER_NUMBER_OBJECT_CONVERSION = YES_AGGRESSIVE;
				CLANG_CXX_LANGUAGE_STANDARD = "gnu++17";
				CLANG_ENABLE_MODULES = YES;
				CLANG_ENABLE_OBJC_ARC = YES;
				CLANG_ENABLE_OBJC_WEAK = YES;
				CLANG_WARN_BLOCK_CAPTURE_AUTORELEASING = YES;
				CLANG_WARN_BOOL_CONVERSION = YES;
				CLANG_WARN_COMMA = YES;
				CLANG_WARN_CONSTANT_CONVERSION = YES;
				CLANG_WARN_DEPRECATED_OBJC_IMPLEMENTATIONS = YES;
				CLANG_WARN_DIRECT_OBJC_ISA_USAGE = YES_ERROR;
				CLANG_WARN_DOCUMENTATION_COMMENTS = YES;
				CLANG_WARN_EMPTY_BODY = YES;
				CLANG_WARN_ENUM_CONVERSION = YES;
				CLANG_WARN_INFINITE_RECURSION = YES;
				CLANG_WARN_INT_CONVERSION = YES;
				CLANG_WARN_NON_LITERAL_NULL_CONVERSION = YES;
				CLANG_WARN_OBJC_IMPLICIT_RETAIN_SELF = YES;
				CLANG_WARN_OBJC_LITERAL_CONVERSION = YES;
				CLANG_WARN_OBJC_ROOT_CLASS = YES_ERROR;
				CLANG_WARN_QUOTED_INCLUDE_IN_FRAMEWORK_HEADER = YES;
				CLANG_WARN_RANGE_LOOP_ANALYSIS = YES;
				CLANG_WARN_STRICT_PROTOTYPES = YES;
				CLANG_WARN_SUSPICIOUS_MOVE = YES;
				CLANG_WARN_UNGUARDED_AVAILABILITY = YES_AGGRESSIVE;
				CLANG_WARN_UNREACHABLE_CODE = YES;
				CLANG_WARN__DUPLICATE_METHOD_MATCH = YES;
				COPY_PHASE_STRIP = NO;
				DEBUG_INFORMATION_FORMAT = "dwarf-with-dsym";
				ENABLE_NS_ASSERTIONS = NO;
				ENABLE_STRICT_OBJC_MSGSEND = YES;
				ENABLE_USER_SCRIPT_SANDBOXING = YES;
				GCC_C_LANGUAGE_STANDARD = gnu11;
				GCC_NO_COMMON_BLOCKS = YES;
				GCC_WARN_64_TO_32_BIT_CONVERSION = YES;
				GCC_WARN_ABOUT_RETURN_TYPE = YES_ERROR;
				GCC_WARN_UNDECLARED_SELECTOR = YES;
				GCC_WARN_UNINITIALIZED_AUTOS = YES_AGGRESSIVE;
				GCC_WARN_UNUSED_FUNCTION = YES;
				GCC_WARN_UNUSED_VARIABLE = YES;
				IPHONEOS_DEPLOYMENT_TARGET = 12.0;
				MTL_ENABLE_DEBUG_INFO = NO;
				MTL_FAST_MATH = YES;
				SDKROOT = iphoneos;
				VALIDATE_PRODUCT = YES;
			};
			name = Release;
		};
		DA316D122951972700A927C7 /* Debug */ = {
			isa = XCBuildConfiguration;
			buildSettings = {
				ASSETCATALOG_COMPILER_APPICON_NAME = AppIcon;
				ASSETCATALOG_COMPILER_GLOBAL_ACCENT_COLOR_NAME = AccentColor;
				CODE_SIGN_IDENTITY = "Apple Development";
				CODE_SIGN_STYLE = Automatic;
				CURRENT_PROJECT_VERSION = 1;
				DEVELOPMENT_TEAM = TU69Y9ZNC7;
				ENABLE_BITCODE = NO;
				GENERATE_INFOPLIST_FILE = YES;
				HEADER_SEARCH_PATHS = (
					/Users/zero/.xmake/packages/b/brotli/1.1.0/a96433c448a3416f837df22409a148a4/include,
					/Users/zero/.xmake/packages/b/bzip2/1.0.8/93b09eb95f0b4bc4b0f550127cf5f2f3/include,
					/Users/zero/.xmake/packages/f/freetype/2.13.2/fde830f1b3144f2c91314cf2df1f836b/include,
					/Users/zero/.xmake/packages/g/ghc_filesystem/1.5.14/3b633cfa89c548aaa072fcd4ba3fd4b7/include,
					/Users/zero/.xmake/packages/h/harfbuzz/8.1.1/52e19fd23dad4744b2861974cabe9f87/include,
					/Users/zero/.xmake/packages/j/jpeg/2022.05.07/5dd1d315222a4840b73ea8799033992f/include,
					/Users/zero/.xmake/packages/l/luajit/2023.09.25/e191d6c767ac4bb286685db4062bb38a/include,
					/Users/zero/.xmake/packages/p/png/1.6.40/623321e3762342e2acfc10354ddfe41e/include,
					/Users/zero/.xmake/packages/s/sdl2/2.28.4/0d4342242f92489e89820963141f4794/include,
					/Users/zero/.xmake/packages/s/sdl2_image/2.6.3/3b195f01552a42a2843a02ee31687d24/include,
					/Users/zero/.xmake/packages/s/sdl2_mixer/2.6.3/94397902c07b4cd19fedbcb5986fa1c9/include,
					/Users/zero/.xmake/packages/s/sdl2_ttf/2.20.2/df063bf7bcb9426f8b906cd21e588f41/include,
					/Users/zero/.xmake/packages/w/webp/1.3.2/eda4caf2fc974101a472877c8d801f4c/include,
					/Users/zero/.xmake/packages/z/zlib/1.3/b925f012959846df8882e532dd1c2fa4/include,
				);
				INFOPLIST_FILE = onscripter/Info.plist;
				INFOPLIST_KEY_CFBundleDisplayName = "onscripter-zero";
				INFOPLIST_KEY_LSApplicationCategoryType = "public.app-category.games";
				INFOPLIST_KEY_LSSupportsOpeningDocumentsInPlace = YES;
				INFOPLIST_KEY_UIApplicationSupportsIndirectInputEvents = YES;
				INFOPLIST_KEY_UILaunchStoryboardName = LaunchScreen;
				INFOPLIST_KEY_UIRequiresFullScreen = YES;
				INFOPLIST_KEY_UISupportedInterfaceOrientations = "UIInterfaceOrientationLandscapeRight UIInterfaceOrientationLandscapeLeft";
				LD_RUNPATH_SEARCH_PATHS = (
					"$(inherited)",
					"@executable_path/Frameworks",
				);
				LIBRARY_SEARCH_PATHS = (
					/Users/zero/.xmake/packages/b/brotli/1.1.0/a96433c448a3416f837df22409a148a4/lib,
					/Users/zero/.xmake/packages/b/bzip2/1.0.8/93b09eb95f0b4bc4b0f550127cf5f2f3/lib,
					/Users/zero/.xmake/packages/f/freetype/2.13.2/fde830f1b3144f2c91314cf2df1f836b/lib,
					/Users/zero/.xmake/packages/h/harfbuzz/8.1.1/52e19fd23dad4744b2861974cabe9f87/lib,
					/Users/zero/.xmake/packages/j/jpeg/2022.05.07/5dd1d315222a4840b73ea8799033992f/lib,
					/Users/zero/.xmake/packages/l/luajit/2023.09.25/e191d6c767ac4bb286685db4062bb38a/lib,
					/Users/zero/.xmake/packages/p/png/1.6.40/623321e3762342e2acfc10354ddfe41e/lib,
					/Users/zero/.xmake/packages/s/sdl2/2.28.4/0d4342242f92489e89820963141f4794/lib,
					/Users/zero/.xmake/packages/s/sdl2_image/2.6.3/3b195f01552a42a2843a02ee31687d24/lib,
					/Users/zero/.xmake/packages/s/sdl2_mixer/2.6.3/94397902c07b4cd19fedbcb5986fa1c9/lib,
					/Users/zero/.xmake/packages/s/sdl2_ttf/2.20.2/df063bf7bcb9426f8b906cd21e588f41/lib,
					/Users/zero/.xmake/packages/w/webp/1.3.2/eda4caf2fc974101a472877c8d801f4c/lib,
					/Users/zero/.xmake/packages/z/zlib/1.3/b925f012959846df8882e532dd1c2fa4/lib,
					/Users/zero/Documents/project/ONScripter-zero/build/iphoneos/arm64/release,
				);
				MARKETING_VERSION = "0.9.10-development";
				OTHER_LDFLAGS = (
					"-lbrotli",
					"-lbzip2",
					"-lfreetype",
					"-lharfbuzz",
					"-ljpeg",
					"-lluajit",
					"-lpng",
					"-lsdl2",
					"-lsdl2_image",
					"-lsdl2_main",
					"-lsdl2_mixer",
					"-lsdl2_ttf",
					"-lwebp",
					"-lzlib",
					"-lonscripter",
				);
				PRODUCT_BUNDLE_IDENTIFIER = "com.zeromake.onscripter-zero";
				PRODUCT_NAME = "$(TARGET_NAME)";
				PROVISIONING_PROFILE_SPECIFIER = "";
				SWIFT_EMIT_LOC_STRINGS = YES;
				TARGETED_DEVICE_FAMILY = "1,2";
			};
			name = Debug;
		};
		DA316D132951972700A927C7 /* Release */ = {
			isa = XCBuildConfiguration;
			buildSettings = {
				ASSETCATALOG_COMPILER_APPICON_NAME = AppIcon;
				ASSETCATALOG_COMPILER_GLOBAL_ACCENT_COLOR_NAME = AccentColor;
				CODE_SIGN_IDENTITY = "Apple Development";
				CODE_SIGN_STYLE = Automatic;
				CURRENT_PROJECT_VERSION = 1;
				DEVELOPMENT_TEAM = TU69Y9ZNC7;
				ENABLE_BITCODE = NO;
				GENERATE_INFOPLIST_FILE = YES;
				HEADER_SEARCH_PATHS = (
					/Users/zero/.xmake/packages/b/brotli/1.1.0/a96433c448a3416f837df22409a148a4/include,
					/Users/zero/.xmake/packages/b/bzip2/1.0.8/93b09eb95f0b4bc4b0f550127cf5f2f3/include,
					/Users/zero/.xmake/packages/f/freetype/2.13.2/fde830f1b3144f2c91314cf2df1f836b/include,
					/Users/zero/.xmake/packages/g/ghc_filesystem/1.5.14/3b633cfa89c548aaa072fcd4ba3fd4b7/include,
					/Users/zero/.xmake/packages/h/harfbuzz/8.1.1/52e19fd23dad4744b2861974cabe9f87/include,
					/Users/zero/.xmake/packages/j/jpeg/2022.05.07/5dd1d315222a4840b73ea8799033992f/include,
					/Users/zero/.xmake/packages/l/luajit/2023.09.25/e191d6c767ac4bb286685db4062bb38a/include,
					/Users/zero/.xmake/packages/p/png/1.6.40/623321e3762342e2acfc10354ddfe41e/include,
					/Users/zero/.xmake/packages/s/sdl2/2.28.4/0d4342242f92489e89820963141f4794/include,
					/Users/zero/.xmake/packages/s/sdl2_image/2.6.3/3b195f01552a42a2843a02ee31687d24/include,
					/Users/zero/.xmake/packages/s/sdl2_mixer/2.6.3/94397902c07b4cd19fedbcb5986fa1c9/include,
					/Users/zero/.xmake/packages/s/sdl2_ttf/2.20.2/df063bf7bcb9426f8b906cd21e588f41/include,
					/Users/zero/.xmake/packages/w/webp/1.3.2/eda4caf2fc974101a472877c8d801f4c/include,
					/Users/zero/.xmake/packages/z/zlib/1.3/b925f012959846df8882e532dd1c2fa4/include,
				);
				INFOPLIST_FILE = onscripter/Info.plist;
				INFOPLIST_KEY_CFBundleDisplayName = "onscripter-zero";
				INFOPLIST_KEY_LSApplicationCategoryType = "public.app-category.games";
				INFOPLIST_KEY_LSSupportsOpeningDocumentsInPlace = YES;
				INFOPLIST_KEY_UIApplicationSupportsIndirectInputEvents = YES;
				INFOPLIST_KEY_UILaunchStoryboardName = LaunchScreen;
				INFOPLIST_KEY_UIRequiresFullScreen = YES;
				INFOPLIST_KEY_UISupportedInterfaceOrientations = "UIInterfaceOrientationLandscapeRight UIInterfaceOrientationLandscapeLeft";
				LD_RUNPATH_SEARCH_PATHS = (
					"$(inherited)",
					"@executable_path/Frameworks",
				);
				LIBRARY_SEARCH_PATHS = (
					/Users/zero/.xmake/packages/b/brotli/1.1.0/a96433c448a3416f837df22409a148a4/lib,
					/Users/zero/.xmake/packages/b/bzip2/1.0.8/93b09eb95f0b4bc4b0f550127cf5f2f3/lib,
					/Users/zero/.xmake/packages/f/freetype/2.13.2/fde830f1b3144f2c91314cf2df1f836b/lib,
					/Users/zero/.xmake/packages/h/harfbuzz/8.1.1/52e19fd23dad4744b2861974cabe9f87/lib,
					/Users/zero/.xmake/packages/j/jpeg/2022.05.07/5dd1d315222a4840b73ea8799033992f/lib,
					/Users/zero/.xmake/packages/l/luajit/2023.09.25/e191d6c767ac4bb286685db4062bb38a/lib,
					/Users/zero/.xmake/packages/p/png/1.6.40/623321e3762342e2acfc10354ddfe41e/lib,
					/Users/zero/.xmake/packages/s/sdl2/2.28.4/0d4342242f92489e89820963141f4794/lib,
					/Users/zero/.xmake/packages/s/sdl2_image/2.6.3/3b195f01552a42a2843a02ee31687d24/lib,
					/Users/zero/.xmake/packages/s/sdl2_mixer/2.6.3/94397902c07b4cd19fedbcb5986fa1c9/lib,
					/Users/zero/.xmake/packages/s/sdl2_ttf/2.20.2/df063bf7bcb9426f8b906cd21e588f41/lib,
					/Users/zero/.xmake/packages/w/webp/1.3.2/eda4caf2fc974101a472877c8d801f4c/lib,
					/Users/zero/.xmake/packages/z/zlib/1.3/b925f012959846df8882e532dd1c2fa4/lib,
					/Users/zero/Documents/project/ONScripter-zero/build/iphoneos/arm64/release,
				);
				MARKETING_VERSION = "0.9.10-development";
				OTHER_LDFLAGS = (
					"-lbrotli",
					"-lbzip2",
					"-lfreetype",
					"-lharfbuzz",
					"-ljpeg",
					"-lluajit",
					"-lpng",
					"-lsdl2",
					"-lsdl2_image",
					"-lsdl2_main",
					"-lsdl2_mixer",
					"-lsdl2_ttf",
					"-lwebp",
					"-lzlib",
					"-lonscripter",
				);
				PRODUCT_BUNDLE_IDENTIFIER = "com.zeromake.onscripter-zero";
				PRODUCT_NAME = "$(TARGET_NAME)";
				PROVISIONING_PROFILE_SPECIFIER = "";
				SWIFT_EMIT_LOC_STRINGS = YES;
				TARGETED_DEVICE_FAMILY = "1,2";
			};
			name = Release;
		};
/* End XCBuildConfiguration section */

/* Begin XCConfigurationList section */
		DA316CF32951972500A927C7 /* Build configuration list for PBXProject "onscripter" */ = {
			isa = XCConfigurationList;
			buildConfigurations = (
				DA316D0F2951972700A927C7 /* Debug */,
				DA316D102951972700A927C7 /* Release */,
			);
			defaultConfigurationIsVisible = 0;
			defaultConfigurationName = Release;
		};
		DA316D112951972700A927C7 /* Build configuration list for PBXNativeTarget "onscripter" */ = {
			isa = XCConfigurationList;
			buildConfigurations = (
				DA316D122951972700A927C7 /* Debug */,
				DA316D132951972700A927C7 /* Release */,
			);
			defaultConfigurationIsVisible = 0;
			defaultConfigurationName = Release;
		};
/* End XCConfigurationList section */
	};
	rootObject = DA316CF02951972500A927C7 /* Project object */;
}
